<?xml version="1.0" encoding="UTF-8"?>
<Scheme
   LastUpgradeVersion = "0720"
   version = "1.7">
   <BuildAction
      parallelizeBuildables = "YES"
      buildImplicitDependencies = "YES">
      <BuildActionEntries>
         <BuildActionEntry
            buildForTesting = "YES"
            buildForRunning = "YES"
            buildForProfiling = "YES"
            buildForArchiving = "YES"
            buildForAnalyzing = "YES">
            <BuildableReference
               BuildableIdentifier = "primary"
               BlueprintIdentifier = "415A815C1C84BA6000E45F22"
               BuildableName = "ALL"
               BlueprintName = "ALL"
               ReferencedContainer = "container:PL1-IBM.xcodeproj">
            </BuildableReference>
         </BuildActionEntry>
      </BuildActionEntries>
   </BuildAction>
   <TestAction
      buildConfiguration = "Debug"
      selectedDebuggerIdentifier = "Xcode.DebuggerFoundation.Debugger.LLDB"
      selectedLauncherIdentifier = "Xcode.DebuggerFoundation.Launcher.LLDB"
      shouldUseLaunchSchemeArgsEnv = "YES">
      <Testables>
      </Testables>
      <AdditionalOptions>
      </AdditionalOptions>
   </TestAction>
   <LaunchAction
      buildConfiguration = "Debug"
      selectedDebuggerIdentifier = "Xcode.DebuggerFoundation.Debugger.LLDB"
      selectedLauncherIdentifier = "Xcode.DebuggerFoundation.Launcher.LLDB"
      launchStyle = "0"
      useCustomWorkingDirectory = "NO"
      ignoresPersistentStateOnLaunch = "NO"
      debugDocumentVersioning = "YES"
      debugServiceExtension = "internal"
      allowLocationSimulation = "YES">
      <PostActions>
         <ExecutionAction
            ActionType = "Xcode.IDEStandardExecutionActionsCore.ExecutionActionType.ShellScriptAction">
            <ActionContent
               title = "Run Script"
               scriptText = "/Users/densvr/Documents/university/5&#x438;&#x306; &#x43a;&#x443;&#x440;&#x441; 2&#x438;&#x306; &#x441;&#x435;&#x43c;&#x435;&#x441;&#x442;&#x440;/&#x421;&#x438;&#x441;&#x442;&#x435;&#x43c;&#x44b; &#x43f;&#x440;&#x43e;&#x433;&#x440;&#x430;&#x43c;&#x43c;&#x438;&#x440;&#x43e;&#x432;&#x430;&#x43d;&#x438;&#x44f; &#x420;&#x430;&#x441;&#x442;&#x43e;&#x440;&#x433;&#x443;&#x435;&#x432;/&#x43a;&#x443;&#x440;&#x441;&#x43e;&#x432;&#x438;&#x43a;/PL1/Unix/run-task">
               <EnvironmentBuildable>
                  <BuildableReference
                     BuildableIdentifier = "primary"
                     BlueprintIdentifier = "415A815C1C84BA6000E45F22"
                     BuildableName = "ALL"
                     BlueprintName = "ALL"
                     ReferencedContainer = "container:PL1-IBM.xcodeproj">
                  </BuildableReference>
               </EnvironmentBuildable>
            </ActionContent>
         </ExecutionAction>
      </PostActions>
      <MacroExpansion>
         <BuildableReference
            BuildableIdentifier = "primary"
            BlueprintIdentifier = "415A815C1C84BA6000E45F22"
            BuildableName = "ALL"
            BlueprintName = "ALL"
            ReferencedContainer = "container:PL1-IBM.xcodeproj">
         </BuildableReference>
      </MacroExpansion>
      <AdditionalOptions>
      </AdditionalOptions>
   </LaunchAction>
   <ProfileAction
      buildConfiguration = "Release"
      shouldUseLaunchSchemeArgsEnv = "YES"
      savedToolIdentifier = ""
      useCustomWorkingDirectory = "NO"
      debugDocumentVersioning = "YES">
      <MacroExpansion>
         <BuildableReference
            BuildableIdentifier = "primary"
            BlueprintIdentifier = "415A815C1C84BA6000E45F22"
            BuildableName = "ALL"
            BlueprintName = "ALL"
            ReferencedContainer = "container:PL1-IBM.xcodeproj">
         </BuildableReference>
      </MacroExpansion>
   </ProfileAction>
   <AnalyzeAction
      buildConfiguration = "Debug">
   </AnalyzeAction>
   <ArchiveAction
      buildConfiguration = "Release"
      revealArchiveInOrganizer = "YES">
   </ArchiveAction>
</Scheme>
